// !$*UTF8*$!
{
	archiveVersion = 1;
	classes = {
	};
	objectVersion = 77;
	objects = {

/* Begin PBXBuildFile section */
		17052294EC251342FB485044 /* MarcoWidgets.appex in Embed App Extensions */ = {isa = PBXBuildFile; fileRef = C30284134B0FDAAF6B5EED98 /* MarcoWidgets.appex */; settings = {ATTRIBUTES = (RemoveHeadersOnCopy, ); }; };
		F7F5340095B635640E7C1727 /* Foundation.framework in Frameworks */ = {isa = PBXBuildFile; fileRef = FDC161A3A9EBCC8E78FAD893 /* Foundation.framework */; };
/* End PBXBuildFile section */

/* Begin PBXContainerItemProxy section */
		28045B76CCC7C2191C76C537 /* PBXContainerItemProxy */ = {
			isa = PBXContainerItemProxy;
			containerPortal = A045986A3009743E00EFFE38 /* Project object */;
			proxyType = 1;
			remoteGlobalIDString = 1C29563ECBE6C8E8F0733308;
			remoteInfo = MarcoWidgets;
		};
		A04598803009744000EFFE38 /* PBXContainerItemProxy */ = {
			isa = PBXContainerItemProxy;
			containerPortal = A045986A3009743E00EFFE38 /* Project object */;
			proxyType = 1;
			remoteGlobalIDString = A04598713009743E00EFFE38;
			remoteInfo = Marco;
		};
		A045988A3009744000EFFE38 /* PBXContainerItemProxy */ = {
			isa = PBXContainerItemProxy;
			containerPortal = A045986A3009743E00EFFE38 /* Project object */;
			proxyType = 1;
			remoteGlobalIDString = A04598713009743E00EFFE38;
			remoteInfo = Marco;
		};
/* End PBXContainerItemProxy section */

/* Begin PBXCopyFilesBuildPhase section */
		513A498E76D1F48ECD19038C /* Embed App Extensions */ = {
			isa = PBXCopyFilesBuildPhase;
			buildActionMask = 2147483647;
			dstPath = "";
			dstSubfolderSpec = 13;
			files = (
				17052294EC251342FB485044 /* MarcoWidgets.appex in Embed App Extensions */,
			);
			name = "Embed App Extensions";
			runOnlyForDeploymentPostprocessing = 0;
		};
/* End PBXCopyFilesBuildPhase section */

/* Begin PBXFileReference section */
		A04598723009743E00EFFE38 /* Marco.app */ = {isa = PBXFileReference; explicitFileType = wrapper.application; includeInIndex = 0; path = Marco.app; sourceTree = BUILT_PRODUCTS_DIR; };
		A045987F3009744000EFFE38 /* MarcoTests.xctest */ = {isa = PBXFileReference; explicitFileType = wrapper.cfbundle; includeInIndex = 0; path = MarcoTests.xctest; sourceTree = BUILT_PRODUCTS_DIR; };
		A04598893009744000EFFE38 /* MarcoUITests.xctest */ = {isa = PBXFileReference; explicitFileType = wrapper.cfbundle; includeInIndex = 0; path = MarcoUITests.xctest; sourceTree = BUILT_PRODUCTS_DIR; };
		C30284134B0FDAAF6B5EED98 /* MarcoWidgets.appex */ = {isa = PBXFileReference; explicitFileType = "wrapper.app-extension"; includeInIndex = 0; path = MarcoWidgets.appex; sourceTree = BUILT_PRODUCTS_DIR; };
		FDC161A3A9EBCC8E78FAD893 /* Foundation.framework */ = {isa = PBXFileReference; lastKnownFileType = wrapper.framework; name = Foundation.framework; path = Platforms/iPhoneOS.platform/Developer/SDKs/iPhoneOS26.0.sdk/System/Library/Frameworks/Foundation.framework; sourceTree = DEVELOPER_DIR; };
/* End PBXFileReference section */

/* Begin PBXFileSystemSynchronizedBuildFileExceptionSet section */
		928DEE2F0BE9FDDFBABC5C2F /* Exceptions for "MarcoWidgets" folder in "MarcoWidgets" target */ = {
			isa = PBXFileSystemSynchronizedBuildFileExceptionSet;
			membershipExceptions = (
				Info.plist,
			);
			target = 1C29563ECBE6C8E8F0733308 /* MarcoWidgets */;
		};
/* End PBXFileSystemSynchronizedBuildFileExceptionSet section */

/* Begin PBXFileSystemSynchronizedRootGroup section */
		A04598743009743E00EFFE38 /* Marco */ = {
			isa = PBXFileSystemSynchronizedRootGroup;
			path = Marco;
			sourceTree = "<group>";
		};
		A04598823009744000EFFE38 /* MarcoTests */ = {
			isa = PBXFileSystemSynchronizedRootGroup;
			path = MarcoTests;
			sourceTree = "<group>";
		};
		A045988C3009744000EFFE38 /* MarcoUITests */ = {
			isa = PBXFileSystemSynchronizedRootGroup;
			path = MarcoUITests;
			sourceTree = "<group>";
		};
		BD3BEBCB1C4B8CCD66FFEE97 /* Shared */ = {
			isa = PBXFileSystemSynchronizedRootGroup;
			path = Shared;
			sourceTree = "<group>";
		};
		FD3DE665EA1C386053AA8933 /* MarcoWidgets */ = {
			isa = PBXFileSystemSynchronizedRootGroup;
			exceptions = (
				928DEE2F0BE9FDDFBABC5C2F /* Exceptions for "MarcoWidgets" folder in "MarcoWidgets" target */,
			);
			path = MarcoWidgets;
			sourceTree = "<group>";
		};
/* End PBXFileSystemSynchronizedRootGroup section */

/* Begin PBXFrameworksBuildPhase section */
		A045986F3009743E00EFFE38 /* Frameworks */ = {
			isa = PBXFrameworksBuildPhase;
			buildActionMask = 2147483647;
			files = (
			);
			runOnlyForDeploymentPostprocessing = 0;
		};
		A045987C3009744000EFFE38 /* Frameworks */ = {
			isa = PBXFrameworksBuildPhase;
			buildActionMask = 2147483647;
			files = (
			);
			runOnlyForDeploymentPostprocessing = 0;
		};
		A04598863009744000EFFE38 /* Frameworks */ = {
			isa = PBXFrameworksBuildPhase;
			buildActionMask = 2147483647;
			files = (
			);
			runOnlyForDeploymentPostprocessing = 0;
		};
		C6D40F2C2DE0B93629962E3F /* Frameworks */ = {
			isa = PBXFrameworksBuildPhase;
			buildActionMask = 2147483647;
			files = (
				F7F5340095B635640E7C1727 /* Foundation.framework in Frameworks */,
			);
			runOnlyForDeploymentPostprocessing = 0;
		};
/* End PBXFrameworksBuildPhase section */

/* Begin PBXGroup section */
		A04598693009743E00EFFE38 = {
			isa = PBXGroup;
			children = (
				A04598743009743E00EFFE38 /* Marco */,
				A04598823009744000EFFE38 /* MarcoTests */,
				A045988C3009744000EFFE38 /* MarcoUITests */,
				BD3BEBCB1C4B8CCD66FFEE97 /* Shared */,
				FD3DE665EA1C386053AA8933 /* MarcoWidgets */,
				A04598733009743E00EFFE38 /* Products */,
				A6E2D098C741BED3049ABCE4 /* Frameworks */,
			);
			sourceTree = "<group>";
		};
		A04598733009743E00EFFE38 /* Products */ = {
			isa = PBXGroup;
			children = (
				A04598723009743E00EFFE38 /* Marco.app */,
				A045987F3009744000EFFE38 /* MarcoTests.xctest */,
				A04598893009744000EFFE38 /* MarcoUITests.xctest */,
				C30284134B0FDAAF6B5EED98 /* MarcoWidgets.appex */,
			);
			name = Products;
			sourceTree = "<group>";
		};
		A6E2D098C741BED3049ABCE4 /* Frameworks */ = {
			isa = PBXGroup;
			children = (
				AC2A6FC41606FFFA19F7E96E /* iOS */,
			);
			name = Frameworks;
			sourceTree = "<group>";
		};
		AC2A6FC41606FFFA19F7E96E /* iOS */ = {
			isa = PBXGroup;
			children = (
				FDC161A3A9EBCC8E78FAD893 /* Foundation.framework */,
			);
			name = iOS;
			sourceTree = "<group>";
		};
/* End PBXGroup section */

/* Begin PBXNativeTarget section */
		1C29563ECBE6C8E8F0733308 /* MarcoWidgets */ = {
			isa = PBXNativeTarget;
			buildConfigurationList = 837C5A4A623D2ACFCA635640 /* Build configuration list for PBXNativeTarget "MarcoWidgets" */;
			buildPhases = (
				D13F16B2ED0FC1DD73E08327 /* Sources */,
				C6D40F2C2DE0B93629962E3F /* Frameworks */,
				85A2720B9358583C3D24FE55 /* Resources */,
			);
			buildRules = (
			);
			dependencies = (
			);
			fileSystemSynchronizedGroups = (
				BD3BEBCB1C4B8CCD66FFEE97 /* Shared */,
				FD3DE665EA1C386053AA8933 /* MarcoWidgets */,
			);
			name = MarcoWidgets;
			productName = MarcoWidgets;
			productReference = C30284134B0FDAAF6B5EED98 /* MarcoWidgets.appex */;
			productType = "com.apple.product-type.app-extension";
		};
		A04598713009743E00EFFE38 /* Marco */ = {
			isa = PBXNativeTarget;
			buildConfigurationList = A04598933009744000EFFE38 /* Build configuration list for PBXNativeTarget "Marco" */;
			buildPhases = (
				A045986E3009743E00EFFE38 /* Sources */,
				A045986F3009743E00EFFE38 /* Frameworks */,
				A04598703009743E00EFFE38 /* Resources */,
				513A498E76D1F48ECD19038C /* Embed App Extensions */,
			);
			buildRules = (
			);
			dependencies = (
				8B73F242AFB181C1EE509BDF /* PBXTargetDependency */,
			);
			fileSystemSynchronizedGroups = (
				A04598743009743E00EFFE38 /* Marco */,
				BD3BEBCB1C4B8CCD66FFEE97 /* Shared */,
			);
			name = Marco;
			productName = Marco;
			productReference = A04598723009743E00EFFE38 /* Marco.app */;
			productType = "com.apple.product-type.application";
		};
		A045987E3009744000EFFE38 /* MarcoTests */ = {
			isa = PBXNativeTarget;
			buildConfigurationList = A04598963009744000EFFE38 /* Build configuration list for PBXNativeTarget "MarcoTests" */;
			buildPhases = (
				A045987B3009744000EFFE38 /* Sources */,
				A045987C3009744000EFFE38 /* Frameworks */,
				A045987D3009744000EFFE38 /* Resources */,
			);
			buildRules = (
			);
			dependencies = (
				A04598813009744000EFFE38 /* PBXTargetDependency */,
			);
			fileSystemSynchronizedGroups = (
				A04598823009744000EFFE38 /* MarcoTests */,
			);
			name = MarcoTests;
			productName = MarcoTests;
			productReference = A045987F3009744000EFFE38 /* MarcoTests.xctest */;
			productType = "com.apple.product-type.bundle.unit-test";
		};
		A04598883009744000EFFE38 /* MarcoUITests */ = {
			isa = PBXNativeTarget;
			buildConfigurationList = A04598993009744000EFFE38 /* Build configuration list for PBXNativeTarget "MarcoUITests" */;
			buildPhases = (
				A04598853009744000EFFE38 /* Sources */,
				A04598863009744000EFFE38 /* Frameworks */,
				A04598873009744000EFFE38 /* Resources */,
			);
			buildRules = (
			);
			dependencies = (
				A045988B3009744000EFFE38 /* PBXTargetDependency */,
			);
			fileSystemSynchronizedGroups = (
				A045988C3009744000EFFE38 /* MarcoUITests */,
			);
			name = MarcoUITests;
			productName = MarcoUITests;
			productReference = A04598893009744000EFFE38 /* MarcoUITests.xctest */;
			productType = "com.apple.product-type.bundle.ui-testing";
		};
/* End PBXNativeTarget section */

/* Begin PBXProject section */
		A045986A3009743E00EFFE38 /* Project object */ = {
			isa = PBXProject;
			attributes = {
				BuildIndependentTargetsInParallel = 1;
				LastSwiftUpdateCheck = 2640;
				LastUpgradeCheck = 2640;
				TargetAttributes = {
					1C29563ECBE6C8E8F0733308 = {
						CreatedOnToolsVersion = 26.4;
					};
					A04598713009743E00EFFE38 = {
						CreatedOnToolsVersion = 26.4;
					};
					A045987E3009744000EFFE38 = {
						CreatedOnToolsVersion = 26.4;
						TestTargetID = A04598713009743E00EFFE38;
					};
					A04598883009744000EFFE38 = {
						CreatedOnToolsVersion = 26.4;
						TestTargetID = A04598713009743E00EFFE38;
					};
				};
			};
			buildConfigurationList = A045986D3009743E00EFFE38 /* Build configuration list for PBXProject "Marco" */;
			developmentRegion = en;
			hasScannedForEncodings = 0;
			knownRegions = (
				en,
				Base,
			);
			mainGroup = A04598693009743E00EFFE38;
			minimizedProjectReferenceProxies = 1;
			preferredProjectObjectVersion = 77;
			productRefGroup = A04598733009743E00EFFE38 /* Products */;
			projectDirPath = "";
			projectRoot = "";
			targets = (
				A04598713009743E00EFFE38 /* Marco */,
				A045987E3009744000EFFE38 /* MarcoTests */,
				A04598883009744000EFFE38 /* MarcoUITests */,
				1C29563ECBE6C8E8F0733308 /* MarcoWidgets */,
			);
		};
/* End PBXProject section */

/* Begin PBXResourcesBuildPhase section */
		85A2720B9358583C3D24FE55 /* Resources */ = {
			isa = PBXResourcesBuildPhase;
			buildActionMask = 2147483647;
			files = (
			);
			runOnlyForDeploymentPostprocessing = 0;
		};
		A04598703009743E00EFFE38 /* Resources */ = {
			isa = PBXResourcesBuildPhase;
			buildActionMask = 2147483647;
			files = (
			);
			runOnlyForDeploymentPostprocessing = 0;
		};
		A045987D3009744000EFFE38 /* Resources */ = {
			isa = PBXResourcesBuildPhase;
			buildActionMask = 2147483647;
			files = (
			);
			runOnlyForDeploymentPostprocessing = 0;
		};
		A04598873009744000EFFE38 /* Resources */ = {
			isa = PBXResourcesBuildPhase;
			buildActionMask = 2147483647;
			files = (
			);
			runOnlyForDeploymentPostprocessing = 0;
		};
/* End PBXResourcesBuildPhase section */

/* Begin PBXSourcesBuildPhase section */
		A045986E3009743E00EFFE38 /* Sources */ = {
			isa = PBXSourcesBuildPhase;
			buildActionMask = 2147483647;
			files = (
			);
			runOnlyForDeploymentPostprocessing = 0;
		};
		A045987B3009744000EFFE38 /* Sources */ = {
			isa = PBXSourcesBuildPhase;
			buildActionMask = 2147483647;
			files = (
			);
			runOnlyForDeploymentPostprocessing = 0;
		};
		A04598853009744000EFFE38 /* Sources */ = {
			isa = PBXSourcesBuildPhase;
			buildActionMask = 2147483647;
			files = (
			);
			runOnlyForDeploymentPostprocessing = 0;
		};
		D13F16B2ED0FC1DD73E08327 /* Sources */ = {
			isa = PBXSourcesBuildPhase;
			buildActionMask = 2147483647;
			files = (
			);
			runOnlyForDeploymentPostprocessing = 0;
		};
/* End PBXSourcesBuildPhase section */

/* Begin PBXTargetDependency section */
		8B73F242AFB181C1EE509BDF /* PBXTargetDependency */ = {
			isa = PBXTargetDependency;
			name = MarcoWidgets;
			target = 1C29563ECBE6C8E8F0733308 /* MarcoWidgets */;
			targetProxy = 28045B76CCC7C2191C76C537 /* PBXContainerItemProxy */;
		};
		A04598813009744000EFFE38 /* PBXTargetDependency */ = {
			isa = PBXTargetDependency;
			target = A04598713009743E00EFFE38 /* Marco */;
			targetProxy = A04598803009744000EFFE38 /* PBXContainerItemProxy */;
		};
		A045988B3009744000EFFE38 /* PBXTargetDependency */ = {
			isa = PBXTargetDependency;
			target = A04598713009743E00EFFE38 /* Marco */;
			targetProxy = A045988A3009744000EFFE38 /* PBXContainerItemProxy */;
		};
/* End PBXTargetDependency section */

/* Begin XCBuildConfiguration section */
		2FE495C9B4ECB7437F2F5851 /* Release */ = {
			isa = XCBuildConfiguration;
			buildSettings = {
				CLANG_ENABLE_OBJC_WEAK = YES;
				CODE_SIGN_ENTITLEMENTS = MarcoWidgets/MarcoWidgets.entitlements;
				CODE_SIGN_STYLE = Automatic;
				CURRENT_PROJECT_VERSION = 1;
				DEVELOPMENT_TEAM = J63SH8A52R;
				GENERATE_INFOPLIST_FILE = NO;
				INFOPLIST_FILE = MarcoWidgets/Info.plist;
				INFOPLIST_KEY_CFBundleDisplayName = MarcoWidgets;
				IPHONEOS_DEPLOYMENT_TARGET = 26.4;
				LD_RUNPATH_SEARCH_PATHS = (
					"$(inherited)",
					"@executable_path/Frameworks",
					"@executable_path/../../Frameworks",
				);
				MARKETING_VERSION = 1.0;
				PRODUCT_BUNDLE_IDENTIFIER = Eduardo.Marco.MarcoWidgets;
				PRODUCT_NAME = "$(TARGET_NAME)";
				SDKROOT = iphoneos;
				SKIP_INSTALL = YES;
				SWIFT_APPROACHABLE_CONCURRENCY = YES;
				SWIFT_DEFAULT_ACTOR_ISOLATION = MainActor;
				SWIFT_EMIT_LOC_STRINGS = YES;
				SWIFT_UPCOMING_FEATURE_MEMBER_IMPORT_VISIBILITY = YES;
				SWIFT_VERSION = 5.0;
				TARGETED_DEVICE_FAMILY = "1,2";
				VALIDATE_PRODUCT = YES;
			};
			name = Release;
		};
		59EB71CCDF03FA3E1D931B0F /* Debug */ = {
			isa = XCBuildConfiguration;
			buildSettings = {
				CLANG_ENABLE_OBJC_WEAK = YES;
				CODE_SIGN_ENTITLEMENTS = MarcoWidgets/MarcoWidgets.entitlements;
				CODE_SIGN_STYLE = Automatic;
				CURRENT_PROJECT_VERSION = 1;
				DEVELOPMENT_TEAM = J63SH8A52R;
				GENERATE_INFOPLIST_FILE = NO;
				INFOPLIST_FILE = MarcoWidgets/Info.plist;
				INFOPLIST_KEY_CFBundleDisplayName = MarcoWidgets;
				IPHONEOS_DEPLOYMENT_TARGET = 26.4;
				LD_RUNPATH_SEARCH_PATHS = (
					"$(inherited)",
					"@executable_path/Frameworks",
					"@executable_path/../../Frameworks",
				);
				MARKETING_VERSION = 1.0;
				PRODUCT_BUNDLE_IDENTIFIER = Eduardo.Marco.MarcoWidgets;
				PRODUCT_NAME = "$(TARGET_NAME)";
				SDKROOT = iphoneos;
				SKIP_INSTALL = YES;
				SWIFT_APPROACHABLE_CONCURRENCY = YES;
				SWIFT_DEFAULT_ACTOR_ISOLATION = MainActor;
				SWIFT_EMIT_LOC_STRINGS = YES;
				SWIFT_UPCOMING_FEATURE_MEMBER_IMPORT_VISIBILITY = YES;
				SWIFT_VERSION = 5.0;
				TARGETED_DEVICE_FAMILY = "1,2";
			};
			name = Debug;
		};
		A04598913009744000EFFE38 /* Debug */ = {
			isa = XCBuildConfiguration;
			buildSettings = {
				ALWAYS_SEARCH_USER_PATHS = NO;
				ASSETCATALOG_COMPILER_GENERATE_SWIFT_ASSET_SYMBOL_EXTENSIONS = YES;
				CLANG_ANALYZER_NONNULL = YES;
				CLANG_ANALYZER_NUMBER_OBJECT_CONVERSION = YES_AGGRESSIVE;
				CLANG_CXX_LANGUAGE_STANDARD = "gnu++20";
				CLANG_ENABLE_MODULES = YES;
				CLANG_ENABLE_OBJC_ARC = YES;
				CLANG_ENABLE_OBJC_WEAK = YES;
				CLANG_WARN_BLOCK_CAPTURE_AUTORELEASING = YES;
				CLANG_WARN_BOOL_CONVERSION = YES;
				CLANG_WARN_COMMA = YES;
				CLANG_WARN_CONSTANT_CONVERSION = YES;
				CLANG_WARN_DEPRECATED_OBJC_IMPLEMENTATIONS = YES;
				CLANG_WARN_DIRECT_OBJC_ISA_USAGE = YES_ERROR;
				CLANG_WARN_DOCUMENTATION_COMMENTS = YES;
				CLANG_WARN_EMPTY_BODY = YES;
				CLANG_WARN_ENUM_CONVERSION = YES;
				CLANG_WARN_INFINITE_RECURSION = YES;
				CLANG_WARN_INT_CONVERSION = YES;
				CLANG_WARN_NON_LITERAL_NULL_CONVERSION = YES;
				CLANG_WARN_OBJC_IMPLICIT_RETAIN_SELF = YES;
				CLANG_WARN_OBJC_LITERAL_CONVERSION = YES;
				CLANG_WARN_OBJC_ROOT_CLASS = YES_ERROR;
				CLANG_WARN_QUOTED_INCLUDE_IN_FRAMEWORK_HEADER = YES;
				CLANG_WARN_RANGE_LOOP_ANALYSIS = YES;
				CLANG_WARN_STRICT_PROTOTYPES = YES;
				CLANG_WARN_SUSPICIOUS_MOVE = YES;
				CLANG_WARN_UNGUARDED_AVAILABILITY = YES_AGGRESSIVE;
				CLANG_WARN_UNREACHABLE_CODE = YES;
				CLANG_WARN__DUPLICATE_METHOD_MATCH = YES;
				COPY_PHASE_STRIP = NO;
				DEBUG_INFORMATION_FORMAT = dwarf;
				DEVELOPMENT_TEAM = J63SH8A52R;
				ENABLE_STRICT_OBJC_MSGSEND = YES;
				ENABLE_TESTABILITY = YES;
				ENABLE_USER_SCRIPT_SANDBOXING = YES;
				GCC_C_LANGUAGE_STANDARD = gnu17;
				GCC_DYNAMIC_NO_PIC = NO;
				GCC_NO_COMMON_BLOCKS = YES;
				GCC_OPTIMIZATION_LEVEL = 0;
				GCC_PREPROCESSOR_DEFINITIONS = (
					"DEBUG=1",
					"$(inherited)",
				);
				GCC_WARN_64_TO_32_BIT_CONVERSION = YES;
				GCC_WARN_ABOUT_RETURN_TYPE = YES_ERROR;
				GCC_WARN_UNDECLARED_SELECTOR = YES;
				GCC_WARN_UNINITIALIZED_AUTOS = YES_AGGRESSIVE;
				GCC_WARN_UNUSED_FUNCTION = YES;
				GCC_WARN_UNUSED_VARIABLE = YES;
				IPHONEOS_DEPLOYMENT_TARGET = 26.4;
				LOCALIZATION_PREFERS_STRING_CATALOGS = YES;
				MTL_ENABLE_DEBUG_INFO = INCLUDE_SOURCE;
				MTL_FAST_MATH = YES;
				ONLY_ACTIVE_ARCH = YES;
				SDKROOT = iphoneos;
				SWIFT_ACTIVE_COMPILATION_CONDITIONS = "DEBUG $(inherited)";
				SWIFT_OPTIMIZATION_LEVEL = "-Onone";
			};
			name = Debug;
		};
		A04598923009744000EFFE38 /* Release */ = {
			isa = XCBuildConfiguration;
			buildSettings = {
				ALWAYS_SEARCH_USER_PATHS = NO;
				ASSETCATALOG_COMPILER_GENERATE_SWIFT_ASSET_SYMBOL_EXTENSIONS = YES;
				CLANG_ANALYZER_NONNULL = YES;
				CLANG_ANALYZER_NUMBER_OBJECT_CONVERSION = YES_AGGRESSIVE;
				CLANG_CXX_LANGUAGE_STANDARD = "gnu++20";
				CLANG_ENABLE_MODULES = YES;
				CLANG_ENABLE_OBJC_ARC = YES;
				CLANG_ENABLE_OBJC_WEAK = YES;
				CLANG_WARN_BLOCK_CAPTURE_AUTORELEASING = YES;
				CLANG_WARN_BOOL_CONVERSION = YES;
				CLANG_WARN_COMMA = YES;
				CLANG_WARN_CONSTANT_CONVERSION = YES;
				CLANG_WARN_DEPRECATED_OBJC_IMPLEMENTATIONS = YES;
				CLANG_WARN_DIRECT_OBJC_ISA_USAGE = YES_ERROR;
				CLANG_WARN_DOCUMENTATION_COMMENTS = YES;
				CLANG_WARN_EMPTY_BODY = YES;
				CLANG_WARN_ENUM_CONVERSION = YES;
				CLANG_WARN_INFINITE_RECURSION = YES;
				CLANG_WARN_INT_CONVERSION = YES;
				CLANG_WARN_NON_LITERAL_NULL_CONVERSION = YES;
				CLANG_WARN_OBJC_IMPLICIT_RETAIN_SELF = YES;
				CLANG_WARN_OBJC_LITERAL_CONVERSION = YES;
				CLANG_WARN_OBJC_ROOT_CLASS = YES_ERROR;
				CLANG_WARN_QUOTED_INCLUDE_IN_FRAMEWORK_HEADER = YES;
				CLANG_WARN_RANGE_LOOP_ANALYSIS = YES;
				CLANG_WARN_STRICT_PROTOTYPES = YES;
				CLANG_WARN_SUSPICIOUS_MOVE = YES;
				CLANG_WARN_UNGUARDED_AVAILABILITY = YES_AGGRESSIVE;
				CLANG_WARN_UNREACHABLE_CODE = YES;
				CLANG_WARN__DUPLICATE_METHOD_MATCH = YES;
				COPY_PHASE_STRIP = NO;
				DEBUG_INFORMATION_FORMAT = "dwarf-with-dsym";
				DEVELOPMENT_TEAM = J63SH8A52R;
				ENABLE_NS_ASSERTIONS = NO;
				ENABLE_STRICT_OBJC_MSGSEND = YES;
				ENABLE_USER_SCRIPT_SANDBOXING = YES;
				GCC_C_LANGUAGE_STANDARD = gnu17;
				GCC_NO_COMMON_BLOCKS = YES;
				GCC_WARN_64_TO_32_BIT_CONVERSION = YES;
				GCC_WARN_ABOUT_RETURN_TYPE = YES_ERROR;
				GCC_WARN_UNDECLARED_SELECTOR = YES;
				GCC_WARN_UNINITIALIZED_AUTOS = YES_AGGRESSIVE;
				GCC_WARN_UNUSED_FUNCTION = YES;
				GCC_WARN_UNUSED_VARIABLE = YES;
				IPHONEOS_DEPLOYMENT_TARGET = 26.4;
				LOCALIZATION_PREFERS_STRING_CATALOGS = YES;
				MTL_ENABLE_DEBUG_INFO = NO;
				MTL_FAST_MATH = YES;
				SDKROOT = iphoneos;
				SWIFT_COMPILATION_MODE = wholemodule;
				VALIDATE_PRODUCT = YES;
			};
			name = Release;
		};
		A04598943009744000EFFE38 /* Debug */ = {
			isa = XCBuildConfiguration;
			buildSettings = {
				ASSETCATALOG_COMPILER_APPICON_NAME = AppIcon;
				ASSETCATALOG_COMPILER_GLOBAL_ACCENT_COLOR_NAME = AccentColor;
				CODE_SIGN_ENTITLEMENTS = Marco/Marco.entitlements;
				CODE_SIGN_STYLE = Automatic;
				CURRENT_PROJECT_VERSION = 1;
				DEVELOPMENT_TEAM = J63SH8A52R;
				ENABLE_PREVIEWS = YES;
				GENERATE_INFOPLIST_FILE = YES;
				INFOPLIST_KEY_NSCalendarsFullAccessUsageDescription = "O Marco usa seu Calendário para sugerir datas a importar.";
				INFOPLIST_KEY_NSContactsUsageDescription = "O Marco usa seus contatos para sugerir aniversários a importar.";
				INFOPLIST_KEY_UIApplicationSceneManifest_Generation = YES;
				INFOPLIST_KEY_UIApplicationSupportsIndirectInputEvents = YES;
				INFOPLIST_KEY_UILaunchScreen_Generation = YES;
				INFOPLIST_KEY_UISupportedInterfaceOrientations_iPad = "UIInterfaceOrientationPortrait UIInterfaceOrientationPortraitUpsideDown UIInterfaceOrientationLandscapeLeft UIInterfaceOrientationLandscapeRight";
				INFOPLIST_KEY_UISupportedInterfaceOrientations_iPhone = "UIInterfaceOrientationPortrait UIInterfaceOrientationLandscapeLeft UIInterfaceOrientationLandscapeRight";
				LD_RUNPATH_SEARCH_PATHS = (
					"$(inherited)",
					"@executable_path/Frameworks",
				);
				MARKETING_VERSION = 1.0;
				PRODUCT_BUNDLE_IDENTIFIER = Eduardo.Marco;
				PRODUCT_NAME = "$(TARGET_NAME)";
				STRING_CATALOG_GENERATE_SYMBOLS = YES;
				SWIFT_APPROACHABLE_CONCURRENCY = YES;
				SWIFT_DEFAULT_ACTOR_ISOLATION = MainActor;
				SWIFT_EMIT_LOC_STRINGS = YES;
				SWIFT_UPCOMING_FEATURE_MEMBER_IMPORT_VISIBILITY = YES;
				SWIFT_VERSION = 5.0;
				TARGETED_DEVICE_FAMILY = "1,2";
			};
			name = Debug;
		};
		A04598953009744000EFFE38 /* Release */ = {
			isa = XCBuildConfiguration;
			buildSettings = {
				ASSETCATALOG_COMPILER_APPICON_NAME = AppIcon;
				ASSETCATALOG_COMPILER_GLOBAL_ACCENT_COLOR_NAME = AccentColor;
				CODE_SIGN_ENTITLEMENTS = Marco/Marco.entitlements;
				CODE_SIGN_STYLE = Automatic;
				CURRENT_PROJECT_VERSION = 1;
				DEVELOPMENT_TEAM = J63SH8A52R;
				ENABLE_PREVIEWS = YES;
				GENERATE_INFOPLIST_FILE = YES;
				INFOPLIST_KEY_NSCalendarsFullAccessUsageDescription = "O Marco usa seu Calendário para sugerir datas a importar.";
				INFOPLIST_KEY_NSContactsUsageDescription = "O Marco usa seus contatos para sugerir aniversários a importar.";
				INFOPLIST_KEY_UIApplicationSceneManifest_Generation = YES;
				INFOPLIST_KEY_UIApplicationSupportsIndirectInputEvents = YES;
				INFOPLIST_KEY_UILaunchScreen_Generation = YES;
				INFOPLIST_KEY_UISupportedInterfaceOrientations_iPad = "UIInterfaceOrientationPortrait UIInterfaceOrientationPortraitUpsideDown UIInterfaceOrientationLandscapeLeft UIInterfaceOrientationLandscapeRight";
				INFOPLIST_KEY_UISupportedInterfaceOrientations_iPhone = "UIInterfaceOrientationPortrait UIInterfaceOrientationLandscapeLeft UIInterfaceOrientationLandscapeRight";
				LD_RUNPATH_SEARCH_PATHS = (
					"$(inherited)",
					"@executable_path/Frameworks",
				);
				MARKETING_VERSION = 1.0;
				PRODUCT_BUNDLE_IDENTIFIER = Eduardo.Marco;
				PRODUCT_NAME = "$(TARGET_NAME)";
				STRING_CATALOG_GENERATE_SYMBOLS = YES;
				SWIFT_APPROACHABLE_CONCURRENCY = YES;
				SWIFT_DEFAULT_ACTOR_ISOLATION = MainActor;
				SWIFT_EMIT_LOC_STRINGS = YES;
				SWIFT_UPCOMING_FEATURE_MEMBER_IMPORT_VISIBILITY = YES;
				SWIFT_VERSION = 5.0;
				TARGETED_DEVICE_FAMILY = "1,2";
			};
			name = Release;
		};
		A04598973009744000EFFE38 /* Debug */ = {
			isa = XCBuildConfiguration;
			buildSettings = {
				BUNDLE_LOADER = "$(TEST_HOST)";
				CODE_SIGN_STYLE = Automatic;
				CURRENT_PROJECT_VERSION = 1;
				DEVELOPMENT_TEAM = J63SH8A52R;
				GENERATE_INFOPLIST_FILE = YES;
				IPHONEOS_DEPLOYMENT_TARGET = 26.4;
				MARKETING_VERSION = 1.0;
				PRODUCT_BUNDLE_IDENTIFIER = Eduardo.MarcoTests;
				PRODUCT_NAME = "$(TARGET_NAME)";
				STRING_CATALOG_GENERATE_SYMBOLS = NO;
				SWIFT_APPROACHABLE_CONCURRENCY = YES;
				SWIFT_EMIT_LOC_STRINGS = NO;
				SWIFT_UPCOMING_FEATURE_MEMBER_IMPORT_VISIBILITY = YES;
				SWIFT_VERSION = 5.0;
				TARGETED_DEVICE_FAMILY = "1,2";
				TEST_HOST = "$(BUILT_PRODUCTS_DIR)/Marco.app/$(BUNDLE_EXECUTABLE_FOLDER_PATH)/Marco";
			};
			name = Debug;
		};
		A04598983009744000EFFE38 /* Release */ = {
			isa = XCBuildConfiguration;
			buildSettings = {
				BUNDLE_LOADER = "$(TEST_HOST)";
				CODE_SIGN_STYLE = Automatic;
				CURRENT_PROJECT_VERSION = 1;
				DEVELOPMENT_TEAM = J63SH8A52R;
				GENERATE_INFOPLIST_FILE = YES;
				IPHONEOS_DEPLOYMENT_TARGET = 26.4;
				MARKETING_VERSION = 1.0;
				PRODUCT_BUNDLE_IDENTIFIER = Eduardo.MarcoTests;
				PRODUCT_NAME = "$(TARGET_NAME)";
				STRING_CATALOG_GENERATE_SYMBOLS = NO;
				SWIFT_APPROACHABLE_CONCURRENCY = YES;
				SWIFT_EMIT_LOC_STRINGS = NO;
				SWIFT_UPCOMING_FEATURE_MEMBER_IMPORT_VISIBILITY = YES;
				SWIFT_VERSION = 5.0;
				TARGETED_DEVICE_FAMILY = "1,2";
				TEST_HOST = "$(BUILT_PRODUCTS_DIR)/Marco.app/$(BUNDLE_EXECUTABLE_FOLDER_PATH)/Marco";
			};
			name = Release;
		};
		A045989A3009744000EFFE38 /* Debug */ = {
			isa = XCBuildConfiguration;
			buildSettings = {
				CODE_SIGN_STYLE = Automatic;
				CURRENT_PROJECT_VERSION = 1;
				DEVELOPMENT_TEAM = J63SH8A52R;
				GENERATE_INFOPLIST_FILE = YES;
				MARKETING_VERSION = 1.0;
				PRODUCT_BUNDLE_IDENTIFIER = Eduardo.MarcoUITests;
				PRODUCT_NAME = "$(TARGET_NAME)";
				STRING_CATALOG_GENERATE_SYMBOLS = NO;
				SWIFT_APPROACHABLE_CONCURRENCY = YES;
				SWIFT_EMIT_LOC_STRINGS = NO;
				SWIFT_UPCOMING_FEATURE_MEMBER_IMPORT_VISIBILITY = YES;
				SWIFT_VERSION = 5.0;
				TARGETED_DEVICE_FAMILY = "1,2";
				TEST_TARGET_NAME = Marco;
			};
			name = Debug;
		};
		A045989B3009744000EFFE38 /* Release */ = {
			isa = XCBuildConfiguration;
			buildSettings = {
				CODE_SIGN_STYLE = Automatic;
				CURRENT_PROJECT_VERSION = 1;
				DEVELOPMENT_TEAM = J63SH8A52R;
				GENERATE_INFOPLIST_FILE = YES;
				MARKETING_VERSION = 1.0;
				PRODUCT_BUNDLE_IDENTIFIER = Eduardo.MarcoUITests;
				PRODUCT_NAME = "$(TARGET_NAME)";
				STRING_CATALOG_GENERATE_SYMBOLS = NO;
				SWIFT_APPROACHABLE_CONCURRENCY = YES;
				SWIFT_EMIT_LOC_STRINGS = NO;
				SWIFT_UPCOMING_FEATURE_MEMBER_IMPORT_VISIBILITY = YES;
				SWIFT_VERSION = 5.0;
				TARGETED_DEVICE_FAMILY = "1,2";
				TEST_TARGET_NAME = Marco;
			};
			name = Release;
		};
/* End XCBuildConfiguration section */

/* Begin XCConfigurationList section */
		837C5A4A623D2ACFCA635640 /* Build configuration list for PBXNativeTarget "MarcoWidgets" */ = {
			isa = XCConfigurationList;
			buildConfigurations = (
				2FE495C9B4ECB7437F2F5851 /* Release */,
				59EB71CCDF03FA3E1D931B0F /* Debug */,
			);
			defaultConfigurationIsVisible = 0;
			defaultConfigurationName = Release;
		};
		A045986D3009743E00EFFE38 /* Build configuration list for PBXProject "Marco" */ = {
			isa = XCConfigurationList;
			buildConfigurations = (
				A04598913009744000EFFE38 /* Debug */,
				A04598923009744000EFFE38 /* Release */,
			);
			defaultConfigurationIsVisible = 0;
			defaultConfigurationName = Release;
		};
		A04598933009744000EFFE38 /* Build configuration list for PBXNativeTarget "Marco" */ = {
			isa = XCConfigurationList;
			buildConfigurations = (
				A04598943009744000EFFE38 /* Debug */,
				A04598953009744000EFFE38 /* Release */,
			);
			defaultConfigurationIsVisible = 0;
			defaultConfigurationName = Release;
		};
		A04598963009744000EFFE38 /* Build configuration list for PBXNativeTarget "MarcoTests" */ = {
			isa = XCConfigurationList;
			buildConfigurations = (
				A04598973009744000EFFE38 /* Debug */,
				A04598983009744000EFFE38 /* Release */,
			);
			defaultConfigurationIsVisible = 0;
			defaultConfigurationName = Release;
		};
		A04598993009744000EFFE38 /* Build configuration list for PBXNativeTarget "MarcoUITests" */ = {
			isa = XCConfigurationList;
			buildConfigurations = (
				A045989A3009744000EFFE38 /* Debug */,
				A045989B3009744000EFFE38 /* Release */,
			);
			defaultConfigurationIsVisible = 0;
			defaultConfigurationName = Release;
		};
/* End XCConfigurationList section */
	};
	rootObject = A045986A3009743E00EFFE38 /* Project object */;
}
